
Microsoft Visual Studio Solution File, Format Version 12.00
# Visual Studio Version 17
VisualStudioVersion = 17.10.35013.160
MinimumVisualStudioVersion = 10.0.40219.1
Project("{FAE04EC0-301F-11D3-BF4B-00C04F79EFBC}") = "ContosoUniversity", "ContosoUniversity\ContosoUniversity.csproj", "{A74709C5-E833-4A41-80E0-9FB44744654B}"
EndProject
Global
	GlobalSection(SolutionConfigurationPlatforms) = preSolution
		Debug|Any CPU = Debug|Any CPU
		Release|Any CPU = Release|Any CPU
	EndGlobalSection
	GlobalSection(ProjectConfigurationPlatforms) = postSolution
		{A74709C5-E833-4A41-80E0-9FB44744654B}.Debug|Any CPU.ActiveCfg = Debug|Any CPU
		{A74709C5-E833-4A41-80E0-9FB44744654B}.Debug|Any CPU.Build.0 = Debug|Any CPU
		{A74709C5-E833-4A41-80E0-9FB44744654B}.Release|Any CPU.ActiveCfg = Release|Any CPU
		{A74709C5-E833-4A41-80E0-9FB44744654B}.Release|Any CPU.Build.0 = Release|Any CPU
	EndGlobalSection
	GlobalSection(SolutionProperties) = preSolution
		HideSolutionNode = FALSE
	EndGlobalSection
	GlobalSection(ExtensibilityGlobals) = postSolution
		SolutionGuid = {B4B5F014-4204-47C7-9608-4F513E06552F}
	EndGlobalSection
EndGlobal
